#MicroXplorer Configuration settings - do not modify
ADC1.Channel-0\#ChannelRegularConversion=ADC_CHANNEL_1
ADC1.IPParameters=Rank-0\#ChannelRegularConversion,master,Channel-0\#ChannelRegularConversion,SamplingTime-0\#ChannelRegularConversion,NbrOfConversionFlag
ADC1.NbrOfConversionFlag=1
ADC1.Rank-0\#ChannelRegularConversion=1
ADC1.SamplingTime-0\#ChannelRegularConversion=ADC_SAMPLETIME_1CYCLE_5
ADC1.master=1
CAN1.BS1=CAN_BS1_7TQ
CAN1.BS2=CAN_BS2_4TQ
CAN1.CalculateTimeBit=1000
CAN1.CalculateTimeQuantum=83.33333333333334
CAN1.IPParameters=CalculateTimeQuantum,CalculateTimeBit,Prescaler,BS1,BS2
CAN1.Prescaler=3
Dma.ADC1.0.Direction=DMA_PERIPH_TO_MEMORY
Dma.ADC1.0.Instance=DMA1_Channel1
Dma.ADC1.0.MemDataAlignment=DMA_MDATAALIGN_HALFWORD
Dma.ADC1.0.MemInc=DMA_MINC_ENABLE
Dma.ADC1.0.Mode=DMA_NORMAL
Dma.ADC1.0.PeriphDataAlignment=DMA_PDATAALIGN_HALFWORD
Dma.ADC1.0.PeriphInc=DMA_PINC_DISABLE
Dma.ADC1.0.Priority=DMA_PRIORITY_LOW
Dma.ADC1.0.RequestParameters=Instance,Direction,PeriphInc,MemInc,PeriphDataAlignment,MemDataAlignment,Mode,Priority
Dma.Request0=ADC1
Dma.Request1=USART3_RX
Dma.RequestsNb=2
Dma.USART3_RX.1.Direction=DMA_PERIPH_TO_MEMORY
Dma.USART3_RX.1.Instance=DMA1_Channel3
Dma.USART3_RX.1.MemDataAlignment=DMA_MDATAALIGN_BYTE
Dma.USART3_RX.1.MemInc=DMA_MINC_ENABLE
Dma.USART3_RX.1.Mode=DMA_CIRCULAR
Dma.USART3_RX.1.PeriphDataAlignment=DMA_PDATAALIGN_BYTE
Dma.USART3_RX.1.PeriphInc=DMA_PINC_DISABLE
Dma.USART3_RX.1.Priority=DMA_PRIORITY_LOW
Dma.USART3_RX.1.RequestParameters=Instance,Direction,PeriphInc,MemInc,PeriphDataAlignment,MemDataAlignment,Mode,Priority
FREERTOS.IPParameters=Tasks01,configGENERATE_RUN_TIME_STATS,configUSE_TRACE_FACILITY,configUSE_STATS_FORMATTING_FUNCTIONS
FREERTOS.Tasks01=defaultTask,0,128,StartDefaultTask,Default,NULL
FREERTOS.configGENERATE_RUN_TIME_STATS=1
FREERTOS.configUSE_STATS_FORMATTING_FUNCTIONS=1
FREERTOS.configUSE_TRACE_FACILITY=1
File.Version=6
KeepUserPlacement=false
Mcu.Family=STM32F1
Mcu.IP0=ADC1
Mcu.IP1=CAN1
Mcu.IP10=USART2
Mcu.IP11=USART3
Mcu.IP2=DMA
Mcu.IP3=FREERTOS
Mcu.IP4=NVIC
Mcu.IP5=RCC
Mcu.IP6=SPI1
Mcu.IP7=SYS
Mcu.IP8=TIM1
Mcu.IP9=TIM6
Mcu.IPNb=12
Mcu.Name=STM32F105R(8-B-C)Tx
Mcu.Package=LQFP64
Mcu.Pin0=PD0-OSC_IN
Mcu.Pin1=PD1-OSC_OUT
Mcu.Pin10=PB1
Mcu.Pin11=PA10
Mcu.Pin12=PA11
Mcu.Pin13=PA13
Mcu.Pin14=PA14
Mcu.Pin15=PC10
Mcu.Pin16=PC11
Mcu.Pin17=PB3
Mcu.Pin18=PB4
Mcu.Pin19=PB5
Mcu.Pin2=PC0
Mcu.Pin20=PB6
Mcu.Pin21=PB8
Mcu.Pin22=PB9
Mcu.Pin23=VP_FREERTOS_VS_CMSIS_V1
Mcu.Pin24=VP_SYS_VS_tim7
Mcu.Pin25=VP_TIM6_VS_ClockSourceINT
Mcu.Pin3=PC1
Mcu.Pin4=PC2
Mcu.Pin5=PC3
Mcu.Pin6=PA1
Mcu.Pin7=PA2
Mcu.Pin8=PA3
Mcu.Pin9=PB0
Mcu.PinsNb=26
Mcu.ThirdPartyNb=0
Mcu.UserConstants=
Mcu.UserName=STM32F105R8Tx
MxCube.Version=5.3.0
MxDb.Version=DB.5.0.30
NVIC.BusFault_IRQn=true\:0\:0\:false\:false\:true\:false\:false\:false
NVIC.CAN1_RX0_IRQn=true\:6\:0\:true\:false\:true\:true\:true\:true
NVIC.CAN1_TX_IRQn=true\:6\:0\:true\:false\:true\:true\:true\:true
NVIC.DMA1_Channel1_IRQn=true\:6\:0\:true\:false\:true\:true\:false\:true
NVIC.DMA1_Channel3_IRQn=true\:6\:0\:true\:false\:true\:true\:false\:true
NVIC.DebugMonitor_IRQn=true\:0\:0\:false\:false\:true\:false\:false\:false
NVIC.EXTI1_IRQn=true\:6\:0\:true\:false\:true\:true\:true\:true
NVIC.HardFault_IRQn=true\:0\:0\:false\:false\:true\:false\:false\:false
NVIC.MemoryManagement_IRQn=true\:0\:0\:false\:false\:true\:false\:false\:false
NVIC.NonMaskableInt_IRQn=true\:0\:0\:false\:false\:true\:false\:false\:false
NVIC.PendSV_IRQn=true\:15\:0\:false\:false\:false\:true\:false\:false
NVIC.PriorityGroup=NVIC_PRIORITYGROUP_4
NVIC.SVCall_IRQn=true\:0\:0\:false\:false\:false\:false\:false\:false
NVIC.SysTick_IRQn=true\:15\:0\:false\:false\:false\:true\:false\:true
NVIC.TIM6_IRQn=true\:6\:0\:true\:false\:true\:true\:true\:true
NVIC.TIM7_IRQn=true\:0\:0\:false\:false\:true\:false\:false\:true
NVIC.TimeBase=TIM7_IRQn
NVIC.TimeBaseIP=TIM7
NVIC.USART3_IRQn=true\:6\:0\:true\:true\:true\:1\:true\:true\:true
NVIC.UsageFault_IRQn=true\:0\:0\:false\:false\:true\:false\:false\:false
PA1.GPIOParameters=GPIO_Label
PA1.GPIO_Label=BUTTON
PA1.Locked=true
PA1.Signal=ADCx_IN1
PA10.Signal=S_TIM1_CH3
PA11.Signal=S_TIM1_CH4
PA13.Mode=Serial_Wire
PA13.Signal=SYS_JTMS-SWDIO
PA14.Mode=Serial_Wire
PA14.Signal=SYS_JTCK-SWCLK
PA2.Mode=Asynchronous
PA2.Signal=USART2_TX
PA3.Mode=Asynchronous
PA3.Signal=USART2_RX
PB0.GPIOParameters=PinState,GPIO_Label
PB0.GPIO_Label=LED1
PB0.Locked=true
PB0.PinState=GPIO_PIN_SET
PB0.Signal=GPIO_Output
PB1.GPIOParameters=PinState,GPIO_Label
PB1.GPIO_Label=LED2
PB1.Locked=true
PB1.PinState=GPIO_PIN_SET
PB1.Signal=GPIO_Output
PB3.Locked=true
PB3.Mode=Simplex_Bidirectional_Master
PB3.Signal=SPI1_SCK
PB4.GPIOParameters=GPIO_Label
PB4.GPIO_Label=OLED_DC
PB4.Locked=true
PB4.Signal=GPIO_Output
PB5.Mode=Simplex_Bidirectional_Master
PB5.Signal=SPI1_MOSI
PB6.GPIOParameters=GPIO_Label
PB6.GPIO_Label=OLED_RST
PB6.Locked=true
PB6.Signal=GPIO_Output
PB8.Locked=true
PB8.Mode=Master
PB8.Signal=CAN1_RX
PB9.Locked=true
PB9.Mode=Master
PB9.Signal=CAN1_TX
PC0.GPIOParameters=GPIO_Label
PC0.GPIO_Label=laser
PC0.Locked=true
PC0.Signal=GPIO_Output
PC1.GPIOParameters=GPIO_PuPd,GPIO_Label
PC1.GPIO_Label=IIC_INT
PC1.GPIO_PuPd=GPIO_PULLDOWN
PC1.Locked=true
PC1.Signal=GPXTI1
PC10.Locked=true
PC10.Mode=Asynchronous
PC10.Signal=USART3_TX
PC11.Mode=Asynchronous
PC11.Signal=USART3_RX
PC2.GPIOParameters=GPIO_Speed,PinState,GPIO_PuPd
PC2.GPIO_PuPd=GPIO_PULLUP
PC2.GPIO_Speed=GPIO_SPEED_FREQ_HIGH
PC2.Locked=true
PC2.PinState=GPIO_PIN_SET
PC2.Signal=GPIO_Output
PC3.GPIOParameters=GPIO_Speed,PinState,GPIO_PuPd
PC3.GPIO_PuPd=GPIO_PULLUP
PC3.GPIO_Speed=GPIO_SPEED_FREQ_HIGH
PC3.Locked=true
PC3.PinState=GPIO_PIN_SET
PC3.Signal=GPIO_Output
PCC.Checker=false
PCC.Line=STM32F105/107
PCC.MCU=STM32F105R(8-B-C)Tx
PCC.PartNumber=STM32F105R8Tx
PCC.Seq0=0
PCC.Series=STM32F1
PCC.Temperature=25
PCC.Vdd=3.3
PD0-OSC_IN.Mode=HSE-External-Oscillator
PD0-OSC_IN.Signal=RCC_OSC_IN
PD1-OSC_OUT.Mode=HSE-External-Oscillator
PD1-OSC_OUT.Signal=RCC_OSC_OUT
PinOutPanel.RotationAngle=0
ProjectManager.AskForMigrate=true
ProjectManager.BackupPrevious=false
ProjectManager.CompilerOptimize=6
ProjectManager.ComputerToolchain=false
ProjectManager.CoupleFile=true
ProjectManager.CustomerFirmwarePackage=
ProjectManager.DefaultFWLocation=true
ProjectManager.DeletePrevious=true
ProjectManager.DeviceId=STM32F105R8Tx
ProjectManager.FirmwarePackage=STM32Cube FW_F1 V1.8.0
ProjectManager.FreePins=false
ProjectManager.HalAssertFull=false
ProjectManager.HeapSize=0x200
ProjectManager.KeepUserCode=true
ProjectManager.LastFirmware=true
ProjectManager.LibraryCopy=0
ProjectManager.MainLocation=Src
ProjectManager.NoMain=false
ProjectManager.PreviousToolchain=
ProjectManager.ProjectBuild=false
ProjectManager.ProjectFileName=UAV_holder.ioc
ProjectManager.ProjectName=UAV_holder
ProjectManager.StackSize=0x400
ProjectManager.TargetToolchain=MDK-ARM V5
ProjectManager.ToolChainLocation=
ProjectManager.UnderRoot=false
ProjectManager.functionlistsort=1-MX_GPIO_Init-GPIO-false-HAL-true,2-MX_DMA_Init-DMA-false-HAL-true,3-SystemClock_Config-RCC-false-HAL-false,4-MX_USART2_UART_Init-USART2-false-HAL-true,5-MX_ADC1_Init-ADC1-false-HAL-true,6-MX_SPI1_Init-SPI1-false-HAL-true,7-MX_USART3_UART_Init-USART3-false-HAL-true,8-MX_CAN1_Init-CAN1-false-HAL-true,9-MX_TIM6_Init-TIM6-false-HAL-true,10-MX_TIM1_Init-TIM1-false-HAL-true
RCC.ADCFreqValue=9000000
RCC.ADCPresc=RCC_ADCPCLK2_DIV4
RCC.AHBFreq_Value=72000000
RCC.APB1CLKDivider=RCC_HCLK_DIV2
RCC.APB1Freq_Value=36000000
RCC.APB1TimFreq_Value=72000000
RCC.APB2CLKDivider=RCC_HCLK_DIV2
RCC.APB2Freq_Value=36000000
RCC.APB2TimFreq_Value=72000000
RCC.FCLKCortexFreq_Value=72000000
RCC.FamilyName=M
RCC.HCLKFreq_Value=72000000
RCC.HSE_VALUE=12000000
RCC.I2S2Freq_Value=72000000
RCC.I2S3Freq_Value=72000000
RCC.IPParameters=ADCFreqValue,ADCPresc,AHBFreq_Value,APB1CLKDivider,APB1Freq_Value,APB1TimFreq_Value,APB2CLKDivider,APB2Freq_Value,APB2TimFreq_Value,FCLKCortexFreq_Value,FamilyName,HCLKFreq_Value,HSE_VALUE,I2S2Freq_Value,I2S3Freq_Value,MCOFreq_Value,PLL2CLKoutputFreqValue,PLL2VCOoutputFreqValue,PLL3CLKoutputFreqValue,PLL3VCOoutputFreqValue,PLLCLKFreq_Value,PLLMUL,PLLSourceVirtual,Prediv2FreqValue,SYSCLKFreq_VALUE,SYSCLKSource,TimSysFreq_Value,USBFreq_Value,VCOOutput2Freq_Value
RCC.MCOFreq_Value=72000000
RCC.PLL2CLKoutputFreqValue=96000000
RCC.PLL2VCOoutputFreqValue=192000000
RCC.PLL3CLKoutputFreqValue=96000000
RCC.PLL3VCOoutputFreqValue=192000000
RCC.PLLCLKFreq_Value=72000000
RCC.PLLMUL=RCC_PLL_MUL6
RCC.PLLSourceVirtual=RCC_PLLSOURCE_HSE
RCC.Prediv2FreqValue=12000000
RCC.SYSCLKFreq_VALUE=72000000
RCC.SYSCLKSource=RCC_SYSCLKSOURCE_PLLCLK
RCC.TimSysFreq_Value=72000000
RCC.USBFreq_Value=48000000
RCC.VCOOutput2Freq_Value=12000000
SH.ADCx_IN1.0=ADC1_IN1,IN1
SH.ADCx_IN1.ConfNb=1
SH.GPXTI1.0=GPIO_EXTI1
SH.GPXTI1.ConfNb=1
SH.S_TIM1_CH3.0=TIM1_CH3,PWM Generation3 CH3
SH.S_TIM1_CH3.ConfNb=1
SH.S_TIM1_CH4.0=TIM1_CH4,PWM Generation4 CH4
SH.S_TIM1_CH4.ConfNb=1
SPI1.CalculateBaudRate=18.0 MBits/s
SPI1.Direction=SPI_DIRECTION_1LINE
SPI1.IPParameters=VirtualType,Mode,Direction,CalculateBaudRate
SPI1.Mode=SPI_MODE_MASTER
SPI1.VirtualType=VM_MASTER
TIM1.Channel-PWM\ Generation3\ CH3=TIM_CHANNEL_3
TIM1.Channel-PWM\ Generation4\ CH4=TIM_CHANNEL_4
TIM1.IPParameters=Channel-PWM Generation3 CH3,Channel-PWM Generation4 CH4,Prescaler,Period,Pulse-PWM Generation4 CH4
TIM1.Period=20000-1
TIM1.Prescaler=72-1
TIM1.Pulse-PWM\ Generation4\ CH4=900
TIM6.IPParameters=Prescaler,Period
TIM6.Period=65535
TIM6.Prescaler=72-1
USART2.IPParameters=VirtualMode
USART2.VirtualMode=VM_ASYNC
USART3.BaudRate=100000
USART3.IPParameters=VirtualMode,BaudRate
USART3.VirtualMode=VM_ASYNC
VP_FREERTOS_VS_CMSIS_V1.Mode=CMSIS_V1
VP_FREERTOS_VS_CMSIS_V1.Signal=FREERTOS_VS_CMSIS_V1
VP_SYS_VS_tim7.Mode=TIM7
VP_SYS_VS_tim7.Signal=SYS_VS_tim7
VP_TIM6_VS_ClockSourceINT.Mode=Enable_Timer
VP_TIM6_VS_ClockSourceINT.Signal=TIM6_VS_ClockSourceINT
board=custom
